{
  "name": "neo4j-etl-processing",
  "lockfileVersion": 2,
  "requires": true,
  "packages": {
    "": {
      "dependencies": {
        "neo4j-driver": "^4.3.1",
        "neo4j-driver-lite": "^4.3.1"
      }
    },
    "node_modules/@babel/runtime": {
      "version": "7.14.8",
      "resolved": "https://registry.npmjs.org/@babel/runtime/-/runtime-7.14.8.tgz",
      "integrity": "sha512-twj3L8Og5SaCRCErB4x4ajbvBIVV77CGeFglHpeg5WC5FF8TZzBWXtTJ4MqaD9QszLYTtr+IsaAL2rEUevb+eg==",
      "dependencies": {
        "regenerator-runtime": "^0.13.4"
      },
      "engines": {
        "node": ">=6.9.0"
      }
    },
    "node_modules/neo4j-driver": {
      "version": "4.3.1",
      "resolved": "https://registry.npmjs.org/neo4j-driver/-/neo4j-driver-4.3.1.tgz",
      "integrity": "sha512-7MguiDpGWoj10wfQvi7HRLBif39Sz67w5zOyhaDG8OcHfJbU+onlnGfE81AOlOlYSj/JSv196K1RcFXuJMZv8Q==",
      "dependencies": {
        "@babel/runtime": "^7.5.5",
        "neo4j-driver-bolt-connection": "^4.3.1",
        "neo4j-driver-core": "^4.3.1",
        "rxjs": "^6.6.3"
      }
    },
    "node_modules/neo4j-driver-bolt-connection": {
      "version": "4.3.1",
      "resolved": "https://registry.npmjs.org/neo4j-driver-bolt-connection/-/neo4j-driver-bolt-connection-4.3.1.tgz",
      "integrity": "sha512-xE7tHgoqcHM1qlXKWWxcOag2F+5OgNVeKDW9W+DKLQ7g3YGvutxcUzp1WrAc8hpFGM2IWVSNEeUt5c5SIXlHCg==",
      "dependencies": {
        "neo4j-driver-core": "^4.3.1",
        "text-encoding-utf-8": "^1.0.2"
      }
    },
    "node_modules/neo4j-driver-core": {
      "version": "4.3.1",
      "resolved": "https://registry.npmjs.org/neo4j-driver-core/-/neo4j-driver-core-4.3.1.tgz",
      "integrity": "sha512-FV194GxpPvgNpettGUMit6hxbMOkBR42j1K6xwfLvm25XYaZJMJzE0ezqS0Vp0G6etUqhUQChh7WYLdTMIztpQ=="
    },
    "node_modules/neo4j-driver-lite": {
      "version": "4.3.1",
      "resolved": "https://registry.npmjs.org/neo4j-driver-lite/-/neo4j-driver-lite-4.3.1.tgz",
      "integrity": "sha512-suT/1TiwQauUiqr2DrLL0MBOxLIbWrVKGHNICvAdUkgAH4uj9UmvoirEZzRxLhgWCEIiW6bJgj6qJyNF/kbJ8g==",
      "dependencies": {
        "neo4j-driver-bolt-connection": "^4.3.1",
        "neo4j-driver-core": "^4.3.1"
      }
    },
    "node_modules/regenerator-runtime": {
      "version": "0.13.9",
      "resolved": "https://registry.npmjs.org/regenerator-runtime/-/regenerator-runtime-0.13.9.tgz",
      "integrity": "sha512-p3VT+cOEgxFsRRA9X4lkI1E+k2/CtnKtU4gcxyaCUreilL/vqI6CdZ3wxVUx3UOUg+gnUOQQcRI7BmSI656MYA=="
    },
    "node_modules/rxjs": {
      "version": "6.6.7",
      "resolved": "https://registry.npmjs.org/rxjs/-/rxjs-6.6.7.tgz",
      "integrity": "sha512-hTdwr+7yYNIT5n4AMYp85KA6yw2Va0FLa3Rguvbpa4W3I5xynaBZo41cM3XM+4Q6fRMj3sBYIR1VAmZMXYJvRQ==",
      "dependencies": {
        "tslib": "^1.9.0"
      },
      "engines": {
        "npm": ">=2.0.0"
      }
    },
    "node_modules/text-encoding-utf-8": {
      "version": "1.0.2",
      "resolved": "https://registry.npmjs.org/text-encoding-utf-8/-/text-encoding-utf-8-1.0.2.tgz",
      "integrity": "sha512-8bw4MY9WjdsD2aMtO0OzOCY3pXGYNx2d2FfHRVUKkiCPDWjKuOlhLVASS+pD7VkLTVjW268LYJHwsnPFlBpbAg=="
    },
    "node_modules/tslib": {
      "version": "1.14.1",
      "resolved": "https://registry.npmjs.org/tslib/-/tslib-1.14.1.tgz",
      "integrity": "sha512-Xni35NKzjgMrwevysHTCArtLDpPvye8zV/0E4EyYn43P7/7qvQwPh9BGkHewbMulVntbigmcT7rdX3BNo9wRJg=="
    }
  },
  "dependencies": {
    "@babel/runtime": {
      "version": "7.14.8",
      "resolved": "https://registry.npmjs.org/@babel/runtime/-/runtime-7.14.8.tgz",
      "integrity": "sha512-twj3L8Og5SaCRCErB4x4ajbvBIVV77CGeFglHpeg5WC5FF8TZzBWXtTJ4MqaD9QszLYTtr+IsaAL2rEUevb+eg==",
      "requires": {
        "regenerator-runtime": "^0.13.4"
      }
    },
    "neo4j-driver": {
      "version": "4.3.1",
      "resolved": "https://registry.npmjs.org/neo4j-driver/-/neo4j-driver-4.3.1.tgz",
      "integrity": "sha512-7MguiDpGWoj10wfQvi7HRLBif39Sz67w5zOyhaDG8OcHfJbU+onlnGfE81AOlOlYSj/JSv196K1RcFXuJMZv8Q==",
      "requires": {
        "@babel/runtime": "^7.5.5",
        "neo4j-driver-bolt-connection": "^4.3.1",
        "neo4j-driver-core": "^4.3.1",
        "rxjs": "^6.6.3"
      }
    },
    "neo4j-driver-bolt-connection": {
      "version": "4.3.1",
      "resolved": "https://registry.npmjs.org/neo4j-driver-bolt-connection/-/neo4j-driver-bolt-connection-4.3.1.tgz",
      "integrity": "sha512-xE7tHgoqcHM1qlXKWWxcOag2F+5OgNVeKDW9W+DKLQ7g3YGvutxcUzp1WrAc8hpFGM2IWVSNEeUt5c5SIXlHCg==",
      "requires": {
        "neo4j-driver-core": "^4.3.1",
        "text-encoding-utf-8": "^1.0.2"
      }
    },
    "neo4j-driver-core": {
      "version": "4.3.1",
      "resolved": "https://registry.npmjs.org/neo4j-driver-core/-/neo4j-driver-core-4.3.1.tgz",
      "integrity": "sha512-FV194GxpPvgNpettGUMit6hxbMOkBR42j1K6xwfLvm25XYaZJMJzE0ezqS0Vp0G6etUqhUQChh7WYLdTMIztpQ=="
    },
    "neo4j-driver-lite": {
      "version": "4.3.1",
      "resolved": "https://registry.npmjs.org/neo4j-driver-lite/-/neo4j-driver-lite-4.3.1.tgz",
      "integrity": "sha512-suT/1TiwQauUiqr2DrLL0MBOxLIbWrVKGHNICvAdUkgAH4uj9UmvoirEZzRxLhgWCEIiW6bJgj6qJyNF/kbJ8g==",
      "requires": {
        "neo4j-driver-bolt-connection": "^4.3.1",
        "neo4j-driver-core": "^4.3.1"
      }
    },
    "regenerator-runtime": {
      "version": "0.13.9",
      "resolved": "https://registry.npmjs.org/regenerator-runtime/-/regenerator-runtime-0.13.9.tgz",
      "integrity": "sha512-p3VT+cOEgxFsRRA9X4lkI1E+k2/CtnKtU4gcxyaCUreilL/vqI6CdZ3wxVUx3UOUg+gnUOQQcRI7BmSI656MYA=="
    },
    "rxjs": {
      "version": "6.6.7",
      "resolved": "https://registry.npmjs.org/rxjs/-/rxjs-6.6.7.tgz",
      "integrity": "sha512-hTdwr+7yYNIT5n4AMYp85KA6yw2Va0FLa3Rguvbpa4W3I5xynaBZo41cM3XM+4Q6fRMj3sBYIR1VAmZMXYJvRQ==",
      "requires": {
        "tslib": "^1.9.0"
      }
    },
    "text-encoding-utf-8": {
      "version": "1.0.2",
      "resolved": "https://registry.npmjs.org/text-encoding-utf-8/-/text-encoding-utf-8-1.0.2.tgz",
      "integrity": "sha512-8bw4MY9WjdsD2aMtO0OzOCY3pXGYNx2d2FfHRVUKkiCPDWjKuOlhLVASS+pD7VkLTVjW268LYJHwsnPFlBpbAg=="
    },
    "tslib": {
      "version": "1.14.1",
      "resolved": "https://registry.npmjs.org/tslib/-/tslib-1.14.1.tgz",
      "integrity": "sha512-Xni35NKzjgMrwevysHTCArtLDpPvye8zV/0E4EyYn43P7/7qvQwPh9BGkHewbMulVntbigmcT7rdX3BNo9wRJg=="
    }
  }
}
